
Microsoft Visual Studio Solution File, Format Version 12.00
# Visual Studio Version 16
VisualStudioVersion = 16.0.30517.126
MinimumVisualStudioVersion = 10.0.40219.1
Project("{9A19103F-16F7-4668-BE54-9A1E7A4F7556}") = "EfCoreApp.Domain", "EfCoreApp.Domain\EfCoreApp.Domain.csproj", "{E4395A90-F7EA-4904-8F23-5A0D3A1321E9}"
EndProject
Project("{9A19103F-16F7-4668-BE54-9A1E7A4F7556}") = "EfCoreApp.Data", "EfCoreApp.Data\EfCoreApp.Data.csproj", "{2F3AFD6D-4C62-4604-AFB8-72FA281117D9}"
EndProject
Global
	GlobalSection(SolutionConfigurationPlatforms) = preSolution
		Debug|Any CPU = Debug|Any CPU
		Release|Any CPU = Release|Any CPU
	EndGlobalSection
	GlobalSection(ProjectConfigurationPlatforms) = postSolution
		{E4395A90-F7EA-4904-8F23-5A0D3A1321E9}.Debug|Any CPU.ActiveCfg = Debug|Any CPU
		{E4395A90-F7EA-4904-8F23-5A0D3A1321E9}.Debug|Any CPU.Build.0 = Debug|Any CPU
		{E4395A90-F7EA-4904-8F23-5A0D3A1321E9}.Release|Any CPU.ActiveCfg = Release|Any CPU
		{E4395A90-F7EA-4904-8F23-5A0D3A1321E9}.Release|Any CPU.Build.0 = Release|Any CPU
		{2F3AFD6D-4C62-4604-AFB8-72FA281117D9}.Debug|Any CPU.ActiveCfg = Debug|Any CPU
		{2F3AFD6D-4C62-4604-AFB8-72FA281117D9}.Debug|Any CPU.Build.0 = Debug|Any CPU
		{2F3AFD6D-4C62-4604-AFB8-72FA281117D9}.Release|Any CPU.ActiveCfg = Release|Any CPU
		{2F3AFD6D-4C62-4604-AFB8-72FA281117D9}.Release|Any CPU.Build.0 = Release|Any CPU
	EndGlobalSection
	GlobalSection(SolutionProperties) = preSolution
		HideSolutionNode = FALSE
	EndGlobalSection
	GlobalSection(ExtensibilityGlobals) = postSolution
		SolutionGuid = {65B89D2C-5653-4B7A-9516-09C0AEDEBCD2}
	EndGlobalSection
EndGlobal
